
Microsoft Visual Studio Solution File, Format Version 12.00
# Visual Studio Version 16
VisualStudioVersion = 16.0.30011.22
MinimumVisualStudioVersion = 10.0.40219.1
Project("{FAE04EC0-301F-11D3-BF4B-00C04F79EFBC}") = "SysInventory.LogMessages", "SysInventory.LogMessages\SysInventory.LogMessages.csproj", "{656F5620-887D-4691-AF82-EAAA0A60FA14}"
EndProject
Project("{9A19103F-16F7-4668-BE54-9A1E7A4F7556}") = "DuplicateCheckerLib", "DuplicateCheckerLib\DuplicateCheckerLib.csproj", "{FFF76215-025E-4386-91D5-B9BA5FC123EF}"
EndProject
Project("{FAE04EC0-301F-11D3-BF4B-00C04F79EFBC}") = "Test", "Test\Test.csproj", "{2A724439-5079-4019-A27D-051C43B85251}"
EndProject
Project("{FAE04EC0-301F-11D3-BF4B-00C04F79EFBC}") = "SysInventory.Test", "SysInventory.Test\SysInventory.Test.csproj", "{B3243B8A-7F3F-471C-B927-63DBA49E504E}"
EndProject
Project("{FAE04EC0-301F-11D3-BF4B-00C04F79EFBC}") = "PluginInterfaces", "PluginInterfaces\PluginInterfaces.csproj", "{8CC4BF07-3752-4B26-A4B6-B902A37AEEF6}"
EndProject
Project("{FAE04EC0-301F-11D3-BF4B-00C04F79EFBC}") = "TextEporter", "TextEporter\TextEporter.csproj", "{ACCEE9F0-75E5-4714-B58D-84240C119EC7}"
EndProject
Project("{FAE04EC0-301F-11D3-BF4B-00C04F79EFBC}") = "BinaryExporter", "BinaryExporter\BinaryExporter.csproj", "{FB00DF99-2ECF-4712-A31B-61E3DE5BC74D}"
EndProject
Global
	GlobalSection(SolutionConfigurationPlatforms) = preSolution
		Debug|Any CPU = Debug|Any CPU
		Release|Any CPU = Release|Any CPU
	EndGlobalSection
	GlobalSection(ProjectConfigurationPlatforms) = postSolution
		{656F5620-887D-4691-AF82-EAAA0A60FA14}.Debug|Any CPU.ActiveCfg = Debug|Any CPU
		{656F5620-887D-4691-AF82-EAAA0A60FA14}.Debug|Any CPU.Build.0 = Debug|Any CPU
		{656F5620-887D-4691-AF82-EAAA0A60FA14}.Release|Any CPU.ActiveCfg = Release|Any CPU
		{656F5620-887D-4691-AF82-EAAA0A60FA14}.Release|Any CPU.Build.0 = Release|Any CPU
		{FFF76215-025E-4386-91D5-B9BA5FC123EF}.Debug|Any CPU.ActiveCfg = Debug|Any CPU
		{FFF76215-025E-4386-91D5-B9BA5FC123EF}.Debug|Any CPU.Build.0 = Debug|Any CPU
		{FFF76215-025E-4386-91D5-B9BA5FC123EF}.Release|Any CPU.ActiveCfg = Release|Any CPU
		{FFF76215-025E-4386-91D5-B9BA5FC123EF}.Release|Any CPU.Build.0 = Release|Any CPU
		{2A724439-5079-4019-A27D-051C43B85251}.Debug|Any CPU.ActiveCfg = Debug|Any CPU
		{2A724439-5079-4019-A27D-051C43B85251}.Debug|Any CPU.Build.0 = Debug|Any CPU
		{2A724439-5079-4019-A27D-051C43B85251}.Release|Any CPU.ActiveCfg = Release|Any CPU
		{2A724439-5079-4019-A27D-051C43B85251}.Release|Any CPU.Build.0 = Release|Any CPU
		{B3243B8A-7F3F-471C-B927-63DBA49E504E}.Debug|Any CPU.ActiveCfg = Debug|Any CPU
		{B3243B8A-7F3F-471C-B927-63DBA49E504E}.Debug|Any CPU.Build.0 = Debug|Any CPU
		{B3243B8A-7F3F-471C-B927-63DBA49E504E}.Release|Any CPU.ActiveCfg = Release|Any CPU
		{B3243B8A-7F3F-471C-B927-63DBA49E504E}.Release|Any CPU.Build.0 = Release|Any CPU
		{8CC4BF07-3752-4B26-A4B6-B902A37AEEF6}.Debug|Any CPU.ActiveCfg = Debug|Any CPU
		{8CC4BF07-3752-4B26-A4B6-B902A37AEEF6}.Debug|Any CPU.Build.0 = Debug|Any CPU
		{8CC4BF07-3752-4B26-A4B6-B902A37AEEF6}.Release|Any CPU.ActiveCfg = Release|Any CPU
		{8CC4BF07-3752-4B26-A4B6-B902A37AEEF6}.Release|Any CPU.Build.0 = Release|Any CPU
		{ACCEE9F0-75E5-4714-B58D-84240C119EC7}.Debug|Any CPU.ActiveCfg = Debug|Any CPU
		{ACCEE9F0-75E5-4714-B58D-84240C119EC7}.Debug|Any CPU.Build.0 = Debug|Any CPU
		{ACCEE9F0-75E5-4714-B58D-84240C119EC7}.Release|Any CPU.ActiveCfg = Release|Any CPU
		{ACCEE9F0-75E5-4714-B58D-84240C119EC7}.Release|Any CPU.Build.0 = Release|Any CPU
		{FB00DF99-2ECF-4712-A31B-61E3DE5BC74D}.Debug|Any CPU.ActiveCfg = Debug|Any CPU
		{FB00DF99-2ECF-4712-A31B-61E3DE5BC74D}.Debug|Any CPU.Build.0 = Debug|Any CPU
		{FB00DF99-2ECF-4712-A31B-61E3DE5BC74D}.Release|Any CPU.ActiveCfg = Release|Any CPU
		{FB00DF99-2ECF-4712-A31B-61E3DE5BC74D}.Release|Any CPU.Build.0 = Release|Any CPU
	EndGlobalSection
	GlobalSection(SolutionProperties) = preSolution
		HideSolutionNode = FALSE
	EndGlobalSection
	GlobalSection(ExtensibilityGlobals) = postSolution
		SolutionGuid = {6DF24701-0BBB-47A7-AC12-2F723266182B}
	EndGlobalSection
EndGlobal
