
Microsoft Visual Studio Solution File, Format Version 12.00
# Visual Studio 15
Project("{FAE04EC0-301F-11D3-BF4B-00C04F79EFBC}") = "App", "App\App.csproj", "{AEC87E59-2E82-4D04-BD07-8D1F76EC80DC}"
EndProject
Global
	GlobalSection(SolutionConfigurationPlatforms) = preSolution
		Debug|Any CPU = Debug|Any CPU
		Release|Any CPU = Release|Any CPU
	EndGlobalSection
	GlobalSection(ProjectConfigurationPlatforms) = postSolution
		{AEC87E59-2E82-4D04-BD07-8D1F76EC80DC}.Debug|Any CPU.ActiveCfg = Debug|Any CPU
		{AEC87E59-2E82-4D04-BD07-8D1F76EC80DC}.Debug|Any CPU.Build.0 = Debug|Any CPU
		{AEC87E59-2E82-4D04-BD07-8D1F76EC80DC}.Release|Any CPU.ActiveCfg = Release|Any CPU
		{AEC87E59-2E82-4D04-BD07-8D1F76EC80DC}.Release|Any CPU.Build.0 = Release|Any CPU
	EndGlobalSection
	GlobalSection(SolutionProperties) = preSolution
		HideSolutionNode = FALSE
	EndGlobalSection
EndGlobal
