<?xml version="1.0" encoding="utf-8"?>
<Project ToolsVersion="4.0" xmlns="http://schemas.microsoft.com/developer/msbuild/2003">
  <ItemGroup>
    <Filter Include="Source Files">
      <UniqueIdentifier>{d8fa4b80-c21b-4f2e-8371-0d644dc5b64d}</UniqueIdentifier>
    </Filter>
    <Filter Include="Generated Files">
      <UniqueIdentifier>{28a0a48a-6d47-4a07-aca0-3cc48f79568a}</UniqueIdentifier>
      <SourceControlFiles>False</SourceControlFiles>
    </Filter>
  </ItemGroup>
  <ItemGroup>
    <None Include="RPNCalculatorSvrps.def" />
  </ItemGroup>
  <ItemGroup>
    <ClCompile Include="RPNCalculatorSvr_i.c">
      <Filter>Generated Files</Filter>
    </ClCompile>
    <ClCompile Include="RPNCalculatorSvr_p.c">
      <Filter>Generated Files</Filter>
    </ClCompile>
    <ClCompile Include="dlldata.c">
      <Filter>Generated Files</Filter>
    </ClCompile>
  </ItemGroup>
</Project>