
Microsoft Visual Studio Solution File, Format Version 12.00
# Visual Studio Version 16
VisualStudioVersion = 16.0.30204.135
MinimumVisualStudioVersion = 10.0.40219.1
Project("{FAE04EC0-301F-11D3-BF4B-00C04F79EFBC}") = "Attribute1", "Attribute1\Attribute1.csproj", "{833107A8-5B66-4719-8E9A-DBC735FD640F}"
EndProject
Project("{FAE04EC0-301F-11D3-BF4B-00C04F79EFBC}") = "Attribute2", "Attribute2\Attribute2.csproj", "{8CAB3FF2-E75D-4775-A571-B4AA505D82F0}"
EndProject
Global
	GlobalSection(SolutionConfigurationPlatforms) = preSolution
		Debug|Any CPU = Debug|Any CPU
		Release|Any CPU = Release|Any CPU
	EndGlobalSection
	GlobalSection(ProjectConfigurationPlatforms) = postSolution
		{833107A8-5B66-4719-8E9A-DBC735FD640F}.Debug|Any CPU.ActiveCfg = Debug|Any CPU
		{833107A8-5B66-4719-8E9A-DBC735FD640F}.Debug|Any CPU.Build.0 = Debug|Any CPU
		{833107A8-5B66-4719-8E9A-DBC735FD640F}.Release|Any CPU.ActiveCfg = Release|Any CPU
		{833107A8-5B66-4719-8E9A-DBC735FD640F}.Release|Any CPU.Build.0 = Release|Any CPU
		{8CAB3FF2-E75D-4775-A571-B4AA505D82F0}.Debug|Any CPU.ActiveCfg = Debug|Any CPU
		{8CAB3FF2-E75D-4775-A571-B4AA505D82F0}.Debug|Any CPU.Build.0 = Debug|Any CPU
		{8CAB3FF2-E75D-4775-A571-B4AA505D82F0}.Release|Any CPU.ActiveCfg = Release|Any CPU
		{8CAB3FF2-E75D-4775-A571-B4AA505D82F0}.Release|Any CPU.Build.0 = Release|Any CPU
	EndGlobalSection
	GlobalSection(SolutionProperties) = preSolution
		HideSolutionNode = FALSE
	EndGlobalSection
	GlobalSection(ExtensibilityGlobals) = postSolution
		SolutionGuid = {D7061DCD-C5F5-40A4-B7C3-AD20A7BDD10E}
	EndGlobalSection
EndGlobal
