
Microsoft Visual Studio Solution File, Format Version 12.00
# Visual Studio Version 16
VisualStudioVersion = 16.0.30011.22
MinimumVisualStudioVersion = 10.0.40219.1
Project("{FAE04EC0-301F-11D3-BF4B-00C04F79EFBC}") = "Introduction", "Introduction\Introduction.csproj", "{0D81F73B-E3BE-496A-8AD2-6F30F2266DF6}"
EndProject
Project("{FAE04EC0-301F-11D3-BF4B-00C04F79EFBC}") = "Task1_1", "Task1_1\Task1_1.csproj", "{FA90FF88-91F2-4812-A6F8-406331EFBB6D}"
EndProject
Project("{FAE04EC0-301F-11D3-BF4B-00C04F79EFBC}") = "Task1_4_TypeConstraints", "Task1_4_TypeConstraints\Task1_4_TypeConstraints.csproj", "{B4A0B6C0-E521-444B-9B13-8AFF38110431}"
EndProject
Project("{FAE04EC0-301F-11D3-BF4B-00C04F79EFBC}") = "Task1_2_NET_List", "Task1_2_NET_List\Task1_2_NET_List.csproj", "{F4BEE3F7-4C77-4365-97B9-CF6F12217369}"
EndProject
Project("{FAE04EC0-301F-11D3-BF4B-00C04F79EFBC}") = "Task1_3_Nullable", "Task1_3_Nullable\Task1_3_Nullable.csproj", "{090B71CC-5950-4CE1-BCAE-20EEC42C42A4}"
EndProject
Global
	GlobalSection(SolutionConfigurationPlatforms) = preSolution
		Debug|Any CPU = Debug|Any CPU
		Release|Any CPU = Release|Any CPU
	EndGlobalSection
	GlobalSection(ProjectConfigurationPlatforms) = postSolution
		{0D81F73B-E3BE-496A-8AD2-6F30F2266DF6}.Debug|Any CPU.ActiveCfg = Debug|Any CPU
		{0D81F73B-E3BE-496A-8AD2-6F30F2266DF6}.Debug|Any CPU.Build.0 = Debug|Any CPU
		{0D81F73B-E3BE-496A-8AD2-6F30F2266DF6}.Release|Any CPU.ActiveCfg = Release|Any CPU
		{0D81F73B-E3BE-496A-8AD2-6F30F2266DF6}.Release|Any CPU.Build.0 = Release|Any CPU
		{FA90FF88-91F2-4812-A6F8-406331EFBB6D}.Debug|Any CPU.ActiveCfg = Debug|Any CPU
		{FA90FF88-91F2-4812-A6F8-406331EFBB6D}.Debug|Any CPU.Build.0 = Debug|Any CPU
		{FA90FF88-91F2-4812-A6F8-406331EFBB6D}.Release|Any CPU.ActiveCfg = Release|Any CPU
		{FA90FF88-91F2-4812-A6F8-406331EFBB6D}.Release|Any CPU.Build.0 = Release|Any CPU
		{B4A0B6C0-E521-444B-9B13-8AFF38110431}.Debug|Any CPU.ActiveCfg = Debug|Any CPU
		{B4A0B6C0-E521-444B-9B13-8AFF38110431}.Debug|Any CPU.Build.0 = Debug|Any CPU
		{B4A0B6C0-E521-444B-9B13-8AFF38110431}.Release|Any CPU.ActiveCfg = Release|Any CPU
		{B4A0B6C0-E521-444B-9B13-8AFF38110431}.Release|Any CPU.Build.0 = Release|Any CPU
		{F4BEE3F7-4C77-4365-97B9-CF6F12217369}.Debug|Any CPU.ActiveCfg = Debug|Any CPU
		{F4BEE3F7-4C77-4365-97B9-CF6F12217369}.Debug|Any CPU.Build.0 = Debug|Any CPU
		{F4BEE3F7-4C77-4365-97B9-CF6F12217369}.Release|Any CPU.ActiveCfg = Release|Any CPU
		{F4BEE3F7-4C77-4365-97B9-CF6F12217369}.Release|Any CPU.Build.0 = Release|Any CPU
		{090B71CC-5950-4CE1-BCAE-20EEC42C42A4}.Debug|Any CPU.ActiveCfg = Debug|Any CPU
		{090B71CC-5950-4CE1-BCAE-20EEC42C42A4}.Debug|Any CPU.Build.0 = Debug|Any CPU
		{090B71CC-5950-4CE1-BCAE-20EEC42C42A4}.Release|Any CPU.ActiveCfg = Release|Any CPU
		{090B71CC-5950-4CE1-BCAE-20EEC42C42A4}.Release|Any CPU.Build.0 = Release|Any CPU
	EndGlobalSection
	GlobalSection(SolutionProperties) = preSolution
		HideSolutionNode = FALSE
	EndGlobalSection
	GlobalSection(ExtensibilityGlobals) = postSolution
		SolutionGuid = {0F71E0C1-4DFB-4E4D-B48B-DE4FE8F208EC}
	EndGlobalSection
EndGlobal
