
Microsoft Visual Studio Solution File, Format Version 12.00
# Visual Studio 15
VisualStudioVersion = 15.0.28010.2003
MinimumVisualStudioVersion = 10.0.40219.1
Project("{FAE04EC0-301F-11D3-BF4B-00C04F79EFBC}") = "01_SimplePInvoke", "01_SimplePInvoke\01_SimplePInvoke.csproj", "{B6B21019-ABB7-4195-ADB3-9E2D1542BFDE}"
EndProject
Project("{FAE04EC0-301F-11D3-BF4B-00C04F79EFBC}") = "02_PInvoke", "02_PInvoke\02_PInvoke.csproj", "{E34FB776-2BE8-4C00-9B1D-9FC0CFDA49FC}"
EndProject
Project("{FAE04EC0-301F-11D3-BF4B-00C04F79EFBC}") = "03_EntryPoints", "03_EntryPoints\03_EntryPoints.csproj", "{91A49562-7D10-40D5-BEC3-95F91D65E676}"
EndProject
Project("{FAE04EC0-301F-11D3-BF4B-00C04F79EFBC}") = "04_SimpleCOMInterop", "04_SimpleCOMInterop\04_SimpleCOMInterop.csproj", "{A2D9DF35-824D-45B3-9B01-0157D230471A}"
EndProject
Project("{FAE04EC0-301F-11D3-BF4B-00C04F79EFBC}") = "05_IUnknown", "05_IUnknown\05_IUnknown.csproj", "{C9C49222-E028-4A23-A076-4251F3593EF5}"
EndProject
Project("{FAE04EC0-301F-11D3-BF4B-00C04F79EFBC}") = "06_MemoryManagement", "06_MemoryManagement\06_MemoryManagement.csproj", "{9A245B64-F4A8-438D-9D14-2ED59EBCFDA6}"
EndProject
Project("{FAE04EC0-301F-11D3-BF4B-00C04F79EFBC}") = "07_IDispatch", "07_IDispatch\07_IDispatch.csproj", "{E86ABB4E-9E5F-4FB8-BC7D-21641616D8BF}"
EndProject
Project("{2150E333-8FDC-42A3-9474-1A3956D46DE8}") = "08_NETasCOM", "08_NETasCOM", "{D3D40F82-59FA-45C9-8F71-1F33FF86DD4F}"
EndProject
Project("{FAE04EC0-301F-11D3-BF4B-00C04F79EFBC}") = "CSMathLibrary", "08_NETasCOM\CSMathLibrary\CSMathLibrary.csproj", "{1CC2CBAC-161E-4AAF-92CF-8FA14CF497F6}"
EndProject
Project("{8BC9CEB8-8B4A-11D0-8D11-00A0C91BC942}") = "CPPMathClient", "08_NETasCOM\CPPMathClient\CPPMathClient.vcxproj", "{6AB03C36-9F2B-49F2-B0C1-DBED9985CD45}"
EndProject
Project("{FAE04EC0-301F-11D3-BF4B-00C04F79EFBC}") = "03a_ErrorHandling", "03a_ErrorHandling\03a_ErrorHandling.csproj", "{C9273D2A-A456-4DF4-86F6-3939C43D7E80}"
EndProject
Project("{2150E333-8FDC-42A3-9474-1A3956D46DE8}") = "03b_ObjectPinning", "03b_ObjectPinning", "{A7EF8AD5-73EC-4B73-960E-82D8D54AAEA6}"
EndProject
Project("{FAE04EC0-301F-11D3-BF4B-00C04F79EFBC}") = "ObjectPinning", "03b_ObjectPinning\ObjectPinning\ObjectPinning.csproj", "{3AD381A8-82AB-4D80-B424-48E894DD5259}"
EndProject
Project("{8BC9CEB8-8B4A-11D0-8D11-00A0C91BC942}") = "SampleNativeLib", "03b_ObjectPinning\SampleNativeLib\SampleNativeLib.vcxproj", "{6070394B-8610-4B3C-B1B1-82B55E6EF225}"
EndProject
Project("{2150E333-8FDC-42A3-9474-1A3956D46DE8}") = "09_COMEvent", "09_COMEvent", "{536ADB89-20C3-43EE-8E24-0B806BCA0452}"
EndProject
Project("{FAE04EC0-301F-11D3-BF4B-00C04F79EFBC}") = "RPNCalculator", "09_COMEvent\RPNCalculator\RPNCalculator.csproj", "{E7D03E93-69A3-4507-9896-E3133A16CB7B}"
EndProject
Project("{8BC9CEB8-8B4A-11D0-8D11-00A0C91BC942}") = "RPNCalculatorSvr", "09_COMEvent\RPNCalculatorSvr\RPNCalculatorSvr.vcxproj", "{E696AB49-9CB1-489C-90B8-CAA7D9BB2D58}"
EndProject
Global
	GlobalSection(SolutionConfigurationPlatforms) = preSolution
		Debug|Any CPU = Debug|Any CPU
		Debug|x64 = Debug|x64
		Debug|x86 = Debug|x86
		Release|Any CPU = Release|Any CPU
		Release|x64 = Release|x64
		Release|x86 = Release|x86
	EndGlobalSection
	GlobalSection(ProjectConfigurationPlatforms) = postSolution
		{B6B21019-ABB7-4195-ADB3-9E2D1542BFDE}.Debug|Any CPU.ActiveCfg = Debug|Any CPU
		{B6B21019-ABB7-4195-ADB3-9E2D1542BFDE}.Debug|Any CPU.Build.0 = Debug|Any CPU
		{B6B21019-ABB7-4195-ADB3-9E2D1542BFDE}.Debug|x64.ActiveCfg = Debug|x64
		{B6B21019-ABB7-4195-ADB3-9E2D1542BFDE}.Debug|x64.Build.0 = Debug|x64
		{B6B21019-ABB7-4195-ADB3-9E2D1542BFDE}.Debug|x86.ActiveCfg = Debug|x86
		{B6B21019-ABB7-4195-ADB3-9E2D1542BFDE}.Debug|x86.Build.0 = Debug|x86
		{B6B21019-ABB7-4195-ADB3-9E2D1542BFDE}.Release|Any CPU.ActiveCfg = Release|Any CPU
		{B6B21019-ABB7-4195-ADB3-9E2D1542BFDE}.Release|Any CPU.Build.0 = Release|Any CPU
		{B6B21019-ABB7-4195-ADB3-9E2D1542BFDE}.Release|x64.ActiveCfg = Release|x64
		{B6B21019-ABB7-4195-ADB3-9E2D1542BFDE}.Release|x64.Build.0 = Release|x64
		{B6B21019-ABB7-4195-ADB3-9E2D1542BFDE}.Release|x86.ActiveCfg = Release|x86
		{B6B21019-ABB7-4195-ADB3-9E2D1542BFDE}.Release|x86.Build.0 = Release|x86
		{E34FB776-2BE8-4C00-9B1D-9FC0CFDA49FC}.Debug|Any CPU.ActiveCfg = Debug|Any CPU
		{E34FB776-2BE8-4C00-9B1D-9FC0CFDA49FC}.Debug|Any CPU.Build.0 = Debug|Any CPU
		{E34FB776-2BE8-4C00-9B1D-9FC0CFDA49FC}.Debug|x64.ActiveCfg = Debug|x64
		{E34FB776-2BE8-4C00-9B1D-9FC0CFDA49FC}.Debug|x64.Build.0 = Debug|x64
		{E34FB776-2BE8-4C00-9B1D-9FC0CFDA49FC}.Debug|x86.ActiveCfg = Debug|x86
		{E34FB776-2BE8-4C00-9B1D-9FC0CFDA49FC}.Debug|x86.Build.0 = Debug|x86
		{E34FB776-2BE8-4C00-9B1D-9FC0CFDA49FC}.Release|Any CPU.ActiveCfg = Release|Any CPU
		{E34FB776-2BE8-4C00-9B1D-9FC0CFDA49FC}.Release|Any CPU.Build.0 = Release|Any CPU
		{E34FB776-2BE8-4C00-9B1D-9FC0CFDA49FC}.Release|x64.ActiveCfg = Release|x64
		{E34FB776-2BE8-4C00-9B1D-9FC0CFDA49FC}.Release|x64.Build.0 = Release|x64
		{E34FB776-2BE8-4C00-9B1D-9FC0CFDA49FC}.Release|x86.ActiveCfg = Release|x86
		{E34FB776-2BE8-4C00-9B1D-9FC0CFDA49FC}.Release|x86.Build.0 = Release|x86
		{91A49562-7D10-40D5-BEC3-95F91D65E676}.Debug|Any CPU.ActiveCfg = Debug|Any CPU
		{91A49562-7D10-40D5-BEC3-95F91D65E676}.Debug|Any CPU.Build.0 = Debug|Any CPU
		{91A49562-7D10-40D5-BEC3-95F91D65E676}.Debug|x64.ActiveCfg = Debug|Any CPU
		{91A49562-7D10-40D5-BEC3-95F91D65E676}.Debug|x64.Build.0 = Debug|Any CPU
		{91A49562-7D10-40D5-BEC3-95F91D65E676}.Debug|x86.ActiveCfg = Debug|Any CPU
		{91A49562-7D10-40D5-BEC3-95F91D65E676}.Debug|x86.Build.0 = Debug|Any CPU
		{91A49562-7D10-40D5-BEC3-95F91D65E676}.Release|Any CPU.ActiveCfg = Release|Any CPU
		{91A49562-7D10-40D5-BEC3-95F91D65E676}.Release|Any CPU.Build.0 = Release|Any CPU
		{91A49562-7D10-40D5-BEC3-95F91D65E676}.Release|x64.ActiveCfg = Release|Any CPU
		{91A49562-7D10-40D5-BEC3-95F91D65E676}.Release|x64.Build.0 = Release|Any CPU
		{91A49562-7D10-40D5-BEC3-95F91D65E676}.Release|x86.ActiveCfg = Release|Any CPU
		{91A49562-7D10-40D5-BEC3-95F91D65E676}.Release|x86.Build.0 = Release|Any CPU
		{A2D9DF35-824D-45B3-9B01-0157D230471A}.Debug|Any CPU.ActiveCfg = Debug|Any CPU
		{A2D9DF35-824D-45B3-9B01-0157D230471A}.Debug|Any CPU.Build.0 = Debug|Any CPU
		{A2D9DF35-824D-45B3-9B01-0157D230471A}.Debug|x64.ActiveCfg = Debug|Any CPU
		{A2D9DF35-824D-45B3-9B01-0157D230471A}.Debug|x64.Build.0 = Debug|Any CPU
		{A2D9DF35-824D-45B3-9B01-0157D230471A}.Debug|x86.ActiveCfg = Debug|Any CPU
		{A2D9DF35-824D-45B3-9B01-0157D230471A}.Debug|x86.Build.0 = Debug|Any CPU
		{A2D9DF35-824D-45B3-9B01-0157D230471A}.Release|Any CPU.ActiveCfg = Release|Any CPU
		{A2D9DF35-824D-45B3-9B01-0157D230471A}.Release|Any CPU.Build.0 = Release|Any CPU
		{A2D9DF35-824D-45B3-9B01-0157D230471A}.Release|x64.ActiveCfg = Release|Any CPU
		{A2D9DF35-824D-45B3-9B01-0157D230471A}.Release|x64.Build.0 = Release|Any CPU
		{A2D9DF35-824D-45B3-9B01-0157D230471A}.Release|x86.ActiveCfg = Release|Any CPU
		{A2D9DF35-824D-45B3-9B01-0157D230471A}.Release|x86.Build.0 = Release|Any CPU
		{C9C49222-E028-4A23-A076-4251F3593EF5}.Debug|Any CPU.ActiveCfg = Debug|Any CPU
		{C9C49222-E028-4A23-A076-4251F3593EF5}.Debug|Any CPU.Build.0 = Debug|Any CPU
		{C9C49222-E028-4A23-A076-4251F3593EF5}.Debug|x64.ActiveCfg = Debug|Any CPU
		{C9C49222-E028-4A23-A076-4251F3593EF5}.Debug|x64.Build.0 = Debug|Any CPU
		{C9C49222-E028-4A23-A076-4251F3593EF5}.Debug|x86.ActiveCfg = Debug|Any CPU
		{C9C49222-E028-4A23-A076-4251F3593EF5}.Debug|x86.Build.0 = Debug|Any CPU
		{C9C49222-E028-4A23-A076-4251F3593EF5}.Release|Any CPU.ActiveCfg = Release|Any CPU
		{C9C49222-E028-4A23-A076-4251F3593EF5}.Release|Any CPU.Build.0 = Release|Any CPU
		{C9C49222-E028-4A23-A076-4251F3593EF5}.Release|x64.ActiveCfg = Release|Any CPU
		{C9C49222-E028-4A23-A076-4251F3593EF5}.Release|x64.Build.0 = Release|Any CPU
		{C9C49222-E028-4A23-A076-4251F3593EF5}.Release|x86.ActiveCfg = Release|Any CPU
		{C9C49222-E028-4A23-A076-4251F3593EF5}.Release|x86.Build.0 = Release|Any CPU
		{9A245B64-F4A8-438D-9D14-2ED59EBCFDA6}.Debug|Any CPU.ActiveCfg = Debug|Any CPU
		{9A245B64-F4A8-438D-9D14-2ED59EBCFDA6}.Debug|Any CPU.Build.0 = Debug|Any CPU
		{9A245B64-F4A8-438D-9D14-2ED59EBCFDA6}.Debug|x64.ActiveCfg = Debug|Any CPU
		{9A245B64-F4A8-438D-9D14-2ED59EBCFDA6}.Debug|x64.Build.0 = Debug|Any CPU
		{9A245B64-F4A8-438D-9D14-2ED59EBCFDA6}.Debug|x86.ActiveCfg = Debug|Any CPU
		{9A245B64-F4A8-438D-9D14-2ED59EBCFDA6}.Debug|x86.Build.0 = Debug|Any CPU
		{9A245B64-F4A8-438D-9D14-2ED59EBCFDA6}.Release|Any CPU.ActiveCfg = Release|Any CPU
		{9A245B64-F4A8-438D-9D14-2ED59EBCFDA6}.Release|Any CPU.Build.0 = Release|Any CPU
		{9A245B64-F4A8-438D-9D14-2ED59EBCFDA6}.Release|x64.ActiveCfg = Release|Any CPU
		{9A245B64-F4A8-438D-9D14-2ED59EBCFDA6}.Release|x64.Build.0 = Release|Any CPU
		{9A245B64-F4A8-438D-9D14-2ED59EBCFDA6}.Release|x86.ActiveCfg = Release|Any CPU
		{9A245B64-F4A8-438D-9D14-2ED59EBCFDA6}.Release|x86.Build.0 = Release|Any CPU
		{E86ABB4E-9E5F-4FB8-BC7D-21641616D8BF}.Debug|Any CPU.ActiveCfg = Debug|Any CPU
		{E86ABB4E-9E5F-4FB8-BC7D-21641616D8BF}.Debug|Any CPU.Build.0 = Debug|Any CPU
		{E86ABB4E-9E5F-4FB8-BC7D-21641616D8BF}.Debug|x64.ActiveCfg = Debug|Any CPU
		{E86ABB4E-9E5F-4FB8-BC7D-21641616D8BF}.Debug|x64.Build.0 = Debug|Any CPU
		{E86ABB4E-9E5F-4FB8-BC7D-21641616D8BF}.Debug|x86.ActiveCfg = Debug|Any CPU
		{E86ABB4E-9E5F-4FB8-BC7D-21641616D8BF}.Debug|x86.Build.0 = Debug|Any CPU
		{E86ABB4E-9E5F-4FB8-BC7D-21641616D8BF}.Release|Any CPU.ActiveCfg = Release|Any CPU
		{E86ABB4E-9E5F-4FB8-BC7D-21641616D8BF}.Release|Any CPU.Build.0 = Release|Any CPU
		{E86ABB4E-9E5F-4FB8-BC7D-21641616D8BF}.Release|x64.ActiveCfg = Release|Any CPU
		{E86ABB4E-9E5F-4FB8-BC7D-21641616D8BF}.Release|x64.Build.0 = Release|Any CPU
		{E86ABB4E-9E5F-4FB8-BC7D-21641616D8BF}.Release|x86.ActiveCfg = Release|Any CPU
		{E86ABB4E-9E5F-4FB8-BC7D-21641616D8BF}.Release|x86.Build.0 = Release|Any CPU
		{1CC2CBAC-161E-4AAF-92CF-8FA14CF497F6}.Debug|Any CPU.ActiveCfg = Debug|Any CPU
		{1CC2CBAC-161E-4AAF-92CF-8FA14CF497F6}.Debug|Any CPU.Build.0 = Debug|Any CPU
		{1CC2CBAC-161E-4AAF-92CF-8FA14CF497F6}.Debug|x64.ActiveCfg = Debug|Any CPU
		{1CC2CBAC-161E-4AAF-92CF-8FA14CF497F6}.Debug|x64.Build.0 = Debug|Any CPU
		{1CC2CBAC-161E-4AAF-92CF-8FA14CF497F6}.Debug|x86.ActiveCfg = Debug|Any CPU
		{1CC2CBAC-161E-4AAF-92CF-8FA14CF497F6}.Debug|x86.Build.0 = Debug|Any CPU
		{1CC2CBAC-161E-4AAF-92CF-8FA14CF497F6}.Release|Any CPU.ActiveCfg = Release|Any CPU
		{1CC2CBAC-161E-4AAF-92CF-8FA14CF497F6}.Release|Any CPU.Build.0 = Release|Any CPU
		{1CC2CBAC-161E-4AAF-92CF-8FA14CF497F6}.Release|x64.ActiveCfg = Release|Any CPU
		{1CC2CBAC-161E-4AAF-92CF-8FA14CF497F6}.Release|x64.Build.0 = Release|Any CPU
		{1CC2CBAC-161E-4AAF-92CF-8FA14CF497F6}.Release|x86.ActiveCfg = Release|Any CPU
		{1CC2CBAC-161E-4AAF-92CF-8FA14CF497F6}.Release|x86.Build.0 = Release|Any CPU
		{6AB03C36-9F2B-49F2-B0C1-DBED9985CD45}.Debug|Any CPU.ActiveCfg = Debug|Win32
		{6AB03C36-9F2B-49F2-B0C1-DBED9985CD45}.Debug|x64.ActiveCfg = Debug|Win32
		{6AB03C36-9F2B-49F2-B0C1-DBED9985CD45}.Debug|x86.ActiveCfg = Debug|Win32
		{6AB03C36-9F2B-49F2-B0C1-DBED9985CD45}.Debug|x86.Build.0 = Debug|Win32
		{6AB03C36-9F2B-49F2-B0C1-DBED9985CD45}.Release|Any CPU.ActiveCfg = Release|Win32
		{6AB03C36-9F2B-49F2-B0C1-DBED9985CD45}.Release|x64.ActiveCfg = Release|Win32
		{6AB03C36-9F2B-49F2-B0C1-DBED9985CD45}.Release|x86.ActiveCfg = Release|Win32
		{6AB03C36-9F2B-49F2-B0C1-DBED9985CD45}.Release|x86.Build.0 = Release|Win32
		{C9273D2A-A456-4DF4-86F6-3939C43D7E80}.Debug|Any CPU.ActiveCfg = Debug|Any CPU
		{C9273D2A-A456-4DF4-86F6-3939C43D7E80}.Debug|Any CPU.Build.0 = Debug|Any CPU
		{C9273D2A-A456-4DF4-86F6-3939C43D7E80}.Debug|x64.ActiveCfg = Debug|Any CPU
		{C9273D2A-A456-4DF4-86F6-3939C43D7E80}.Debug|x64.Build.0 = Debug|Any CPU
		{C9273D2A-A456-4DF4-86F6-3939C43D7E80}.Debug|x86.ActiveCfg = Debug|Any CPU
		{C9273D2A-A456-4DF4-86F6-3939C43D7E80}.Debug|x86.Build.0 = Debug|Any CPU
		{C9273D2A-A456-4DF4-86F6-3939C43D7E80}.Release|Any CPU.ActiveCfg = Release|Any CPU
		{C9273D2A-A456-4DF4-86F6-3939C43D7E80}.Release|Any CPU.Build.0 = Release|Any CPU
		{C9273D2A-A456-4DF4-86F6-3939C43D7E80}.Release|x64.ActiveCfg = Release|Any CPU
		{C9273D2A-A456-4DF4-86F6-3939C43D7E80}.Release|x64.Build.0 = Release|Any CPU
		{C9273D2A-A456-4DF4-86F6-3939C43D7E80}.Release|x86.ActiveCfg = Release|Any CPU
		{C9273D2A-A456-4DF4-86F6-3939C43D7E80}.Release|x86.Build.0 = Release|Any CPU
		{3AD381A8-82AB-4D80-B424-48E894DD5259}.Debug|Any CPU.ActiveCfg = Debug|Any CPU
		{3AD381A8-82AB-4D80-B424-48E894DD5259}.Debug|Any CPU.Build.0 = Debug|Any CPU
		{3AD381A8-82AB-4D80-B424-48E894DD5259}.Debug|x64.ActiveCfg = Debug|Any CPU
		{3AD381A8-82AB-4D80-B424-48E894DD5259}.Debug|x64.Build.0 = Debug|Any CPU
		{3AD381A8-82AB-4D80-B424-48E894DD5259}.Debug|x86.ActiveCfg = Debug|Any CPU
		{3AD381A8-82AB-4D80-B424-48E894DD5259}.Debug|x86.Build.0 = Debug|Any CPU
		{3AD381A8-82AB-4D80-B424-48E894DD5259}.Release|Any CPU.ActiveCfg = Release|Any CPU
		{3AD381A8-82AB-4D80-B424-48E894DD5259}.Release|Any CPU.Build.0 = Release|Any CPU
		{3AD381A8-82AB-4D80-B424-48E894DD5259}.Release|x64.ActiveCfg = Release|Any CPU
		{3AD381A8-82AB-4D80-B424-48E894DD5259}.Release|x64.Build.0 = Release|Any CPU
		{3AD381A8-82AB-4D80-B424-48E894DD5259}.Release|x86.ActiveCfg = Release|Any CPU
		{3AD381A8-82AB-4D80-B424-48E894DD5259}.Release|x86.Build.0 = Release|Any CPU
		{6070394B-8610-4B3C-B1B1-82B55E6EF225}.Debug|Any CPU.ActiveCfg = Debug|Win32
		{6070394B-8610-4B3C-B1B1-82B55E6EF225}.Debug|x64.ActiveCfg = Debug|Win32
		{6070394B-8610-4B3C-B1B1-82B55E6EF225}.Debug|x86.ActiveCfg = Debug|Win32
		{6070394B-8610-4B3C-B1B1-82B55E6EF225}.Debug|x86.Build.0 = Debug|Win32
		{6070394B-8610-4B3C-B1B1-82B55E6EF225}.Release|Any CPU.ActiveCfg = Release|Win32
		{6070394B-8610-4B3C-B1B1-82B55E6EF225}.Release|x64.ActiveCfg = Release|Win32
		{6070394B-8610-4B3C-B1B1-82B55E6EF225}.Release|x86.ActiveCfg = Release|Win32
		{6070394B-8610-4B3C-B1B1-82B55E6EF225}.Release|x86.Build.0 = Release|Win32
		{E7D03E93-69A3-4507-9896-E3133A16CB7B}.Debug|Any CPU.ActiveCfg = Debug|Any CPU
		{E7D03E93-69A3-4507-9896-E3133A16CB7B}.Debug|Any CPU.Build.0 = Debug|Any CPU
		{E7D03E93-69A3-4507-9896-E3133A16CB7B}.Debug|x64.ActiveCfg = Debug|Any CPU
		{E7D03E93-69A3-4507-9896-E3133A16CB7B}.Debug|x64.Build.0 = Debug|Any CPU
		{E7D03E93-69A3-4507-9896-E3133A16CB7B}.Debug|x86.ActiveCfg = Debug|Any CPU
		{E7D03E93-69A3-4507-9896-E3133A16CB7B}.Debug|x86.Build.0 = Debug|Any CPU
		{E7D03E93-69A3-4507-9896-E3133A16CB7B}.Release|Any CPU.ActiveCfg = Release|Any CPU
		{E7D03E93-69A3-4507-9896-E3133A16CB7B}.Release|Any CPU.Build.0 = Release|Any CPU
		{E7D03E93-69A3-4507-9896-E3133A16CB7B}.Release|x64.ActiveCfg = Release|Any CPU
		{E7D03E93-69A3-4507-9896-E3133A16CB7B}.Release|x64.Build.0 = Release|Any CPU
		{E7D03E93-69A3-4507-9896-E3133A16CB7B}.Release|x86.ActiveCfg = Release|Any CPU
		{E7D03E93-69A3-4507-9896-E3133A16CB7B}.Release|x86.Build.0 = Release|Any CPU
		{E696AB49-9CB1-489C-90B8-CAA7D9BB2D58}.Debug|Any CPU.ActiveCfg = Debug|Win32
		{E696AB49-9CB1-489C-90B8-CAA7D9BB2D58}.Debug|x64.ActiveCfg = Debug|Win32
		{E696AB49-9CB1-489C-90B8-CAA7D9BB2D58}.Debug|x86.ActiveCfg = Debug|Win32
		{E696AB49-9CB1-489C-90B8-CAA7D9BB2D58}.Debug|x86.Build.0 = Debug|Win32
		{E696AB49-9CB1-489C-90B8-CAA7D9BB2D58}.Release|Any CPU.ActiveCfg = Release|Win32
		{E696AB49-9CB1-489C-90B8-CAA7D9BB2D58}.Release|x64.ActiveCfg = Release|Win32
		{E696AB49-9CB1-489C-90B8-CAA7D9BB2D58}.Release|x86.ActiveCfg = Release|Win32
		{E696AB49-9CB1-489C-90B8-CAA7D9BB2D58}.Release|x86.Build.0 = Release|Win32
	EndGlobalSection
	GlobalSection(SolutionProperties) = preSolution
		HideSolutionNode = FALSE
	EndGlobalSection
	GlobalSection(NestedProjects) = preSolution
		{1CC2CBAC-161E-4AAF-92CF-8FA14CF497F6} = {D3D40F82-59FA-45C9-8F71-1F33FF86DD4F}
		{6AB03C36-9F2B-49F2-B0C1-DBED9985CD45} = {D3D40F82-59FA-45C9-8F71-1F33FF86DD4F}
		{3AD381A8-82AB-4D80-B424-48E894DD5259} = {A7EF8AD5-73EC-4B73-960E-82D8D54AAEA6}
		{6070394B-8610-4B3C-B1B1-82B55E6EF225} = {A7EF8AD5-73EC-4B73-960E-82D8D54AAEA6}
		{E7D03E93-69A3-4507-9896-E3133A16CB7B} = {536ADB89-20C3-43EE-8E24-0B806BCA0452}
		{E696AB49-9CB1-489C-90B8-CAA7D9BB2D58} = {536ADB89-20C3-43EE-8E24-0B806BCA0452}
	EndGlobalSection
	GlobalSection(ExtensibilityGlobals) = postSolution
		SolutionGuid = {9D041878-85A2-4265-AFA3-2CA2F97CB0CE}
	EndGlobalSection
EndGlobal
